// !$*UTF8*$!
{
	archiveVersion = 1;
	classes = {
	};
	objectVersion = 46;
	objects = {

/* Begin PBXBuildFile section */
		5732CF161B425454002D8548 /* RPS.swift in Sources */ = {isa = PBXBuildFile; fileRef = 5732CF151B425454002D8548 /* RPS.swift */; };
		5732CF181B425465002D8548 /* RPSMatch.swift in Sources */ = {isa = PBXBuildFile; fileRef = 5732CF171B425465002D8548 /* RPSMatch.swift */; };
		5732CF1A1B4264FC002D8548 /* HistoryViewController.swift in Sources */ = {isa = PBXBuildFile; fileRef = 5732CF191B4264FC002D8548 /* HistoryViewController.swift */; };
		576530AB1B3FC0F600E26FB6 /* AppDelegate.swift in Sources */ = {isa = PBXBuildFile; fileRef = 576530AA1B3FC0F600E26FB6 /* AppDelegate.swift */; };
		576530AD1B3FC0F600E26FB6 /* RPSViewController.swift in Sources */ = {isa = PBXBuildFile; fileRef = 576530AC1B3FC0F600E26FB6 /* RPSViewController.swift */; };
		576530B01B3FC0F600E26FB6 /* Main.storyboard in Resources */ = {isa = PBXBuildFile; fileRef = 576530AE1B3FC0F600E26FB6 /* Main.storyboard */; };
		576530B21B3FC0F600E26FB6 /* Images.xcassets in Resources */ = {isa = PBXBuildFile; fileRef = 576530B11B3FC0F600E26FB6 /* Images.xcassets */; };
		576530B51B3FC0F600E26FB6 /* LaunchScreen.xib in Resources */ = {isa = PBXBuildFile; fileRef = 576530B31B3FC0F600E26FB6 /* LaunchScreen.xib */; };
		576530C11B3FC0F600E26FB6 /* RoshamboTests.swift in Sources */ = {isa = PBXBuildFile; fileRef = 576530C01B3FC0F600E26FB6 /* RoshamboTests.swift */; };
		576530CB1B3FCB4D00E26FB6 /* ResultViewController.swift in Sources */ = {isa = PBXBuildFile; fileRef = 576530CA1B3FCB4D00E26FB6 /* ResultViewController.swift */; };
/* End PBXBuildFile section */

/* Begin PBXContainerItemProxy section */
		576530BB1B3FC0F600E26FB6 /* PBXContainerItemProxy */ = {
			isa = PBXContainerItemProxy;
			containerPortal = 5765309D1B3FC0F600E26FB6 /* Project object */;
			proxyType = 1;
			remoteGlobalIDString = 576530A41B3FC0F600E26FB6;
			remoteInfo = Roshambo;
		};
/* End PBXContainerItemProxy section */

/* Begin PBXFileReference section */
		5732CF151B425454002D8548 /* RPS.swift */ = {isa = PBXFileReference; fileEncoding = 4; lastKnownFileType = sourcecode.swift; path = RPS.swift; sourceTree = "<group>"; };
		5732CF171B425465002D8548 /* RPSMatch.swift */ = {isa = PBXFileReference; fileEncoding = 4; lastKnownFileType = sourcecode.swift; path = RPSMatch.swift; sourceTree = "<group>"; };
		5732CF191B4264FC002D8548 /* HistoryViewController.swift */ = {isa = PBXFileReference; fileEncoding = 4; lastKnownFileType = sourcecode.swift; path = HistoryViewController.swift; sourceTree = "<group>"; };
		576530A51B3FC0F600E26FB6 /* Roshambo.app */ = {isa = PBXFileReference; explicitFileType = wrapper.application; includeInIndex = 0; path = Roshambo.app; sourceTree = BUILT_PRODUCTS_DIR; };
		576530A91B3FC0F600E26FB6 /* Info.plist */ = {isa = PBXFileReference; lastKnownFileType = text.plist.xml; path = Info.plist; sourceTree = "<group>"; };
		576530AA1B3FC0F600E26FB6 /* AppDelegate.swift */ = {isa = PBXFileReference; lastKnownFileType = sourcecode.swift; path = AppDelegate.swift; sourceTree = "<group>"; };
		576530AC1B3FC0F600E26FB6 /* RPSViewController.swift */ = {isa = PBXFileReference; lastKnownFileType = sourcecode.swift; path = RPSViewController.swift; sourceTree = "<group>"; };
		576530AF1B3FC0F600E26FB6 /* Base */ = {isa = PBXFileReference; lastKnownFileType = file.storyboard; name = Base; path = Base.lproj/Main.storyboard; sourceTree = "<group>"; };
		576530B11B3FC0F600E26FB6 /* Images.xcassets */ = {isa = PBXFileReference; lastKnownFileType = folder.assetcatalog; path = Images.xcassets; sourceTree = "<group>"; };
		576530B41B3FC0F600E26FB6 /* Base */ = {isa = PBXFileReference; lastKnownFileType = file.xib; name = Base; path = Base.lproj/LaunchScreen.xib; sourceTree = "<group>"; };
		576530BA1B3FC0F600E26FB6 /* RoshamboTests.xctest */ = {isa = PBXFileReference; explicitFileType = wrapper.cfbundle; includeInIndex = 0; path = RoshamboTests.xctest; sourceTree = BUILT_PRODUCTS_DIR; };
		576530BF1B3FC0F600E26FB6 /* Info.plist */ = {isa = PBXFileReference; lastKnownFileType = text.plist.xml; path = Info.plist; sourceTree = "<group>"; };
		576530C01B3FC0F600E26FB6 /* RoshamboTests.swift */ = {isa = PBXFileReference; lastKnownFileType = sourcecode.swift; path = RoshamboTests.swift; sourceTree = "<group>"; };
		576530CA1B3FCB4D00E26FB6 /* ResultViewController.swift */ = {isa = PBXFileReference; fileEncoding = 4; lastKnownFileType = sourcecode.swift; path = ResultViewController.swift; sourceTree = "<group>"; };
/* End PBXFileReference section */

/* Begin PBXFrameworksBuildPhase section */
		576530A21B3FC0F600E26FB6 /* Frameworks */ = {
			isa = PBXFrameworksBuildPhase;
			buildActionMask = 2147483647;
			files = (
			);
			runOnlyForDeploymentPostprocessing = 0;
		};
		576530B71B3FC0F600E26FB6 /* Frameworks */ = {
			isa = PBXFrameworksBuildPhase;
			buildActionMask = 2147483647;
			files = (
			);
			runOnlyForDeploymentPostprocessing = 0;
		};
/* End PBXFrameworksBuildPhase section */

/* Begin PBXGroup section */
		5765309C1B3FC0F600E26FB6 = {
			isa = PBXGroup;
			children = (
				576530A71B3FC0F600E26FB6 /* Roshambo */,
				576530BD1B3FC0F600E26FB6 /* RoshamboTests */,
				576530A61B3FC0F600E26FB6 /* Products */,
			);
			sourceTree = "<group>";
		};
		576530A61B3FC0F600E26FB6 /* Products */ = {
			isa = PBXGroup;
			children = (
				576530A51B3FC0F600E26FB6 /* Roshambo.app */,
				576530BA1B3FC0F600E26FB6 /* RoshamboTests.xctest */,
			);
			name = Products;
			sourceTree = "<group>";
		};
		576530A71B3FC0F600E26FB6 /* Roshambo */ = {
			isa = PBXGroup;
			children = (
				576530AA1B3FC0F600E26FB6 /* AppDelegate.swift */,
				576530AC1B3FC0F600E26FB6 /* RPSViewController.swift */,
				576530AE1B3FC0F600E26FB6 /* Main.storyboard */,
				5732CF191B4264FC002D8548 /* HistoryViewController.swift */,
				576530CA1B3FCB4D00E26FB6 /* ResultViewController.swift */,
				5732CF151B425454002D8548 /* RPS.swift */,
				5732CF171B425465002D8548 /* RPSMatch.swift */,
				576530B11B3FC0F600E26FB6 /* Images.xcassets */,
				576530B31B3FC0F600E26FB6 /* LaunchScreen.xib */,
				576530A81B3FC0F600E26FB6 /* Supporting Files */,
			);
			path = Roshambo;
			sourceTree = "<group>";
		};
		576530A81B3FC0F600E26FB6 /* Supporting Files */ = {
			isa = PBXGroup;
			children = (
				576530A91B3FC0F600E26FB6 /* Info.plist */,
			);
			name = "Supporting Files";
			sourceTree = "<group>";
		};
		576530BD1B3FC0F600E26FB6 /* RoshamboTests */ = {
			isa = PBXGroup;
			children = (
				576530C01B3FC0F600E26FB6 /* RoshamboTests.swift */,
				576530BE1B3FC0F600E26FB6 /* Supporting Files */,
			);
			path = RoshamboTests;
			sourceTree = "<group>";
		};
		576530BE1B3FC0F600E26FB6 /* Supporting Files */ = {
			isa = PBXGroup;
			children = (
				576530BF1B3FC0F600E26FB6 /* Info.plist */,
			);
			name = "Supporting Files";
			sourceTree = "<group>";
		};
/* End PBXGroup section */

/* Begin PBXNativeTarget section */
		576530A41B3FC0F600E26FB6 /* Roshambo */ = {
			isa = PBXNativeTarget;
			buildConfigurationList = 576530C41B3FC0F600E26FB6 /* Build configuration list for PBXNativeTarget "Roshambo" */;
			buildPhases = (
				576530A11B3FC0F600E26FB6 /* Sources */,
				576530A21B3FC0F600E26FB6 /* Frameworks */,
				576530A31B3FC0F600E26FB6 /* Resources */,
			);
			buildRules = (
			);
			dependencies = (
			);
			name = Roshambo;
			productName = Roshambo;
			productReference = 576530A51B3FC0F600E26FB6 /* Roshambo.app */;
			productType = "com.apple.product-type.application";
		};
		576530B91B3FC0F600E26FB6 /* RoshamboTests */ = {
			isa = PBXNativeTarget;
			buildConfigurationList = 576530C71B3FC0F600E26FB6 /* Build configuration list for PBXNativeTarget "RoshamboTests" */;
			buildPhases = (
				576530B61B3FC0F600E26FB6 /* Sources */,
				576530B71B3FC0F600E26FB6 /* Frameworks */,
				576530B81B3FC0F600E26FB6 /* Resources */,
			);
			buildRules = (
			);
			dependencies = (
				576530BC1B3FC0F600E26FB6 /* PBXTargetDependency */,
			);
			name = RoshamboTests;
			productName = RoshamboTests;
			productReference = 576530BA1B3FC0F600E26FB6 /* RoshamboTests.xctest */;
			productType = "com.apple.product-type.bundle.unit-test";
		};
/* End PBXNativeTarget section */

/* Begin PBXProject section */
		5765309D1B3FC0F600E26FB6 /* Project object */ = {
			isa = PBXProject;
			attributes = {
				LastUpgradeCheck = 0630;
				ORGANIZATIONNAME = Siqi;
				TargetAttributes = {
					576530A41B3FC0F600E26FB6 = {
						CreatedOnToolsVersion = 6.3.2;
					};
					576530B91B3FC0F600E26FB6 = {
						CreatedOnToolsVersion = 6.3.2;
						TestTargetID = 576530A41B3FC0F600E26FB6;
					};
				};
			};
			buildConfigurationList = 576530A01B3FC0F600E26FB6 /* Build configuration list for PBXProject "Roshambo" */;
			compatibilityVersion = "Xcode 3.2";
			developmentRegion = English;
			hasScannedForEncodings = 0;
			knownRegions = (
				en,
				Base,
			);
			mainGroup = 5765309C1B3FC0F600E26FB6;
			productRefGroup = 576530A61B3FC0F600E26FB6 /* Products */;
			projectDirPath = "";
			projectRoot = "";
			targets = (
				576530A41B3FC0F600E26FB6 /* Roshambo */,
				576530B91B3FC0F600E26FB6 /* RoshamboTests */,
			);
		};
/* End PBXProject section */

/* Begin PBXResourcesBuildPhase section */
		576530A31B3FC0F600E26FB6 /* Resources */ = {
			isa = PBXResourcesBuildPhase;
			buildActionMask = 2147483647;
			files = (
				576530B01B3FC0F600E26FB6 /* Main.storyboard in Resources */,
				576530B51B3FC0F600E26FB6 /* LaunchScreen.xib in Resources */,
				576530B21B3FC0F600E26FB6 /* Images.xcassets in Resources */,
			);
			runOnlyForDeploymentPostprocessing = 0;
		};
		576530B81B3FC0F600E26FB6 /* Resources */ = {
			isa = PBXResourcesBuildPhase;
			buildActionMask = 2147483647;
			files = (
			);
			runOnlyForDeploymentPostprocessing = 0;
		};
/* End PBXResourcesBuildPhase section */

/* Begin PBXSourcesBuildPhase section */
		576530A11B3FC0F600E26FB6 /* Sources */ = {
			isa = PBXSourcesBuildPhase;
			buildActionMask = 2147483647;
			files = (
				576530AD1B3FC0F600E26FB6 /* RPSViewController.swift in Sources */,
				5732CF161B425454002D8548 /* RPS.swift in Sources */,
				576530AB1B3FC0F600E26FB6 /* AppDelegate.swift in Sources */,
				5732CF1A1B4264FC002D8548 /* HistoryViewController.swift in Sources */,
				576530CB1B3FCB4D00E26FB6 /* ResultViewController.swift in Sources */,
				5732CF181B425465002D8548 /* RPSMatch.swift in Sources */,
			);
			runOnlyForDeploymentPostprocessing = 0;
		};
		576530B61B3FC0F600E26FB6 /* Sources */ = {
			isa = PBXSourcesBuildPhase;
			buildActionMask = 2147483647;
			files = (
				576530C11B3FC0F600E26FB6 /* RoshamboTests.swift in Sources */,
			);
			runOnlyForDeploymentPostprocessing = 0;
		};
/* End PBXSourcesBuildPhase section */

/* Begin PBXTargetDependency section */
		576530BC1B3FC0F600E26FB6 /* PBXTargetDependency */ = {
			isa = PBXTargetDependency;
			target = 576530A41B3FC0F600E26FB6 /* Roshambo */;
			targetProxy = 576530BB1B3FC0F600E26FB6 /* PBXContainerItemProxy */;
		};
/* End PBXTargetDependency section */

/* Begin PBXVariantGroup section */
		576530AE1B3FC0F600E26FB6 /* Main.storyboard */ = {
			isa = PBXVariantGroup;
			children = (
				576530AF1B3FC0F600E26FB6 /* Base */,
			);
			name = Main.storyboard;
			sourceTree = "<group>";
		};
		576530B31B3FC0F600E26FB6 /* LaunchScreen.xib */ = {
			isa = PBXVariantGroup;
			children = (
				576530B41B3FC0F600E26FB6 /* Base */,
			);
			name = LaunchScreen.xib;
			sourceTree = "<group>";
		};
/* End PBXVariantGroup section */

/* Begin XCBuildConfiguration section */
		576530C21B3FC0F600E26FB6 /* Debug */ = {
			isa = XCBuildConfiguration;
			buildSettings = {
				ALWAYS_SEARCH_USER_PATHS = NO;
				CLANG_CXX_LANGUAGE_STANDARD = "gnu++0x";
				CLANG_CXX_LIBRARY = "libc++";
				CLANG_ENABLE_MODULES = YES;
				CLANG_ENABLE_OBJC_ARC = YES;
				CLANG_WARN_BOOL_CONVERSION = YES;
				CLANG_WARN_CONSTANT_CONVERSION = YES;
				CLANG_WARN_DIRECT_OBJC_ISA_USAGE = YES_ERROR;
				CLANG_WARN_EMPTY_BODY = YES;
				CLANG_WARN_ENUM_CONVERSION = YES;
				CLANG_WARN_INT_CONVERSION = YES;
				CLANG_WARN_OBJC_ROOT_CLASS = YES_ERROR;
				CLANG_WARN_UNREACHABLE_CODE = YES;
				CLANG_WARN__DUPLICATE_METHOD_MATCH = YES;
				"CODE_SIGN_IDENTITY[sdk=iphoneos*]" = "iPhone Developer";
				COPY_PHASE_STRIP = NO;
				DEBUG_INFORMATION_FORMAT = "dwarf-with-dsym";
				ENABLE_STRICT_OBJC_MSGSEND = YES;
				GCC_C_LANGUAGE_STANDARD = gnu99;
				GCC_DYNAMIC_NO_PIC = NO;
				GCC_NO_COMMON_BLOCKS = YES;
				GCC_OPTIMIZATION_LEVEL = 0;
				GCC_PREPROCESSOR_DEFINITIONS = (
					"DEBUG=1",
					"$(inherited)",
				);
				GCC_SYMBOLS_PRIVATE_EXTERN = NO;
				GCC_WARN_64_TO_32_BIT_CONVERSION = YES;
				GCC_WARN_ABOUT_RETURN_TYPE = YES_ERROR;
				GCC_WARN_UNDECLARED_SELECTOR = YES;
				GCC_WARN_UNINITIALIZED_AUTOS = YES_AGGRESSIVE;
				GCC_WARN_UNUSED_FUNCTION = YES;
				GCC_WARN_UNUSED_VARIABLE = YES;
				IPHONEOS_DEPLOYMENT_TARGET = 8.3;
				MTL_ENABLE_DEBUG_INFO = YES;
				ONLY_ACTIVE_ARCH = YES;
				SDKROOT = iphoneos;
				SWIFT_OPTIMIZATION_LEVEL = "-Onone";
			};
			name = Debug;
		};
		576530C31B3FC0F600E26FB6 /* Release */ = {
			isa = XCBuildConfiguration;
			buildSettings = {
				ALWAYS_SEARCH_USER_PATHS = NO;
				CLANG_CXX_LANGUAGE_STANDARD = "gnu++0x";
				CLANG_CXX_LIBRARY = "libc++";
				CLANG_ENABLE_MODULES = YES;
				CLANG_ENABLE_OBJC_ARC = YES;
				CLANG_WARN_BOOL_CONVERSION = YES;
				CLANG_WARN_CONSTANT_CONVERSION = YES;
				CLANG_WARN_DIRECT_OBJC_ISA_USAGE = YES_ERROR;
				CLANG_WARN_EMPTY_BODY = YES;
				CLANG_WARN_ENUM_CONVERSION = YES;
				CLANG_WARN_INT_CONVERSION = YES;
				CLANG_WARN_OBJC_ROOT_CLASS = YES_ERROR;
				CLANG_WARN_UNREACHABLE_CODE = YES;
				CLANG_WARN__DUPLICATE_METHOD_MATCH = YES;
				"CODE_SIGN_IDENTITY[sdk=iphoneos*]" = "iPhone Developer";
				COPY_PHASE_STRIP = NO;
				DEBUG_INFORMATION_FORMAT = "dwarf-with-dsym";
				ENABLE_NS_ASSERTIONS = NO;
				ENABLE_STRICT_OBJC_MSGSEND = YES;
				GCC_C_LANGUAGE_STANDARD = gnu99;
				GCC_NO_COMMON_BLOCKS = YES;
				GCC_WARN_64_TO_32_BIT_CONVERSION = YES;
				GCC_WARN_ABOUT_RETURN_TYPE = YES_ERROR;
				GCC_WARN_UNDECLARED_SELECTOR = YES;
				GCC_WARN_UNINITIALIZED_AUTOS = YES_AGGRESSIVE;
				GCC_WARN_UNUSED_FUNCTION = YES;
				GCC_WARN_UNUSED_VARIABLE = YES;
				IPHONEOS_DEPLOYMENT_TARGET = 8.3;
				MTL_ENABLE_DEBUG_INFO = NO;
				SDKROOT = iphoneos;
				VALIDATE_PRODUCT = YES;
			};
			name = Release;
		};
		576530C51B3FC0F600E26FB6 /* Debug */ = {
			isa = XCBuildConfiguration;
			buildSettings = {
				ASSETCATALOG_COMPILER_APPICON_NAME = AppIcon;
				INFOPLIST_FILE = Roshambo/Info.plist;
				LD_RUNPATH_SEARCH_PATHS = "$(inherited) @executable_path/Frameworks";
				PRODUCT_NAME = "$(TARGET_NAME)";
			};
			name = Debug;
		};
		576530C61B3FC0F600E26FB6 /* Release */ = {
			isa = XCBuildConfiguration;
			buildSettings = {
				ASSETCATALOG_COMPILER_APPICON_NAME = AppIcon;
				INFOPLIST_FILE = Roshambo/Info.plist;
				LD_RUNPATH_SEARCH_PATHS = "$(inherited) @executable_path/Frameworks";
				PRODUCT_NAME = "$(TARGET_NAME)";
			};
			name = Release;
		};
		576530C81B3FC0F600E26FB6 /* Debug */ = {
			isa = XCBuildConfiguration;
			buildSettings = {
				BUNDLE_LOADER = "$(TEST_HOST)";
				FRAMEWORK_SEARCH_PATHS = (
					"$(SDKROOT)/Developer/Library/Frameworks",
					"$(inherited)",
				);
				GCC_PREPROCESSOR_DEFINITIONS = (
					"DEBUG=1",
					"$(inherited)",
				);
				INFOPLIST_FILE = RoshamboTests/Info.plist;
				LD_RUNPATH_SEARCH_PATHS = "$(inherited) @executable_path/Frameworks @loader_path/Frameworks";
				PRODUCT_NAME = "$(TARGET_NAME)";
				TEST_HOST = "$(BUILT_PRODUCTS_DIR)/Roshambo.app/Roshambo";
			};
			name = Debug;
		};
		576530C91B3FC0F600E26FB6 /* Release */ = {
			isa = XCBuildConfiguration;
			buildSettings = {
				BUNDLE_LOADER = "$(TEST_HOST)";
				FRAMEWORK_SEARCH_PATHS = (
					"$(SDKROOT)/Developer/Library/Frameworks",
					"$(inherited)",
				);
				INFOPLIST_FILE = RoshamboTests/Info.plist;
				LD_RUNPATH_SEARCH_PATHS = "$(inherited) @executable_path/Frameworks @loader_path/Frameworks";
				PRODUCT_NAME = "$(TARGET_NAME)";
				TEST_HOST = "$(BUILT_PRODUCTS_DIR)/Roshambo.app/Roshambo";
			};
			name = Release;
		};
/* End XCBuildConfiguration section */

/* Begin XCConfigurationList section */
		576530A01B3FC0F600E26FB6 /* Build configuration list for PBXProject "Roshambo" */ = {
			isa = XCConfigurationList;
			buildConfigurations = (
				576530C21B3FC0F600E26FB6 /* Debug */,
				576530C31B3FC0F600E26FB6 /* Release */,
			);
			defaultConfigurationIsVisible = 0;
			defaultConfigurationName = Release;
		};
		576530C41B3FC0F600E26FB6 /* Build configuration list for PBXNativeTarget "Roshambo" */ = {
			isa = XCConfigurationList;
			buildConfigurations = (
				576530C51B3FC0F600E26FB6 /* Debug */,
				576530C61B3FC0F600E26FB6 /* Release */,
			);
			defaultConfigurationIsVisible = 0;
			defaultConfigurationName = Release;
		};
		576530C71B3FC0F600E26FB6 /* Build configuration list for PBXNativeTarget "RoshamboTests" */ = {
			isa = XCConfigurationList;
			buildConfigurations = (
				576530C81B3FC0F600E26FB6 /* Debug */,
				576530C91B3FC0F600E26FB6 /* Release */,
			);
			defaultConfigurationIsVisible = 0;
			defaultConfigurationName = Release;
		};
/* End XCConfigurationList section */
	};
	rootObject = 5765309D1B3FC0F600E26FB6 /* Project object */;
}
